
Microsoft Visual Studio Solution File, Format Version 12.00
# Visual Studio 15
VisualStudioVersion = 15.0.26124.0
MinimumVisualStudioVersion = 15.0.26124.0
Project("{FAE04EC0-301F-11D3-BF4B-00C04F79EFBC}") = "Domain", "Domain\Domain.csproj", "{163D94B8-426D-4D21-B948-0532F2B95F8B}"
EndProject
Project("{FAE04EC0-301F-11D3-BF4B-00C04F79EFBC}") = "Application", "Application\Application.csproj", "{F42A38F7-E204-443D-811E-DDB2A7A4B9A5}"
EndProject
Project("{FAE04EC0-301F-11D3-BF4B-00C04F79EFBC}") = "Persistence", "Persistence\Persistence.csproj", "{ED5C5405-4B46-47EA-BB80-9D669150D293}"
EndProject
Project("{FAE04EC0-301F-11D3-BF4B-00C04F79EFBC}") = "API", "API\API.csproj", "{C45045FC-1FD4-4A4E-B361-05C087C2D5F2}"
EndProject
Global
	GlobalSection(SolutionConfigurationPlatforms) = preSolution
		Debug|Any CPU = Debug|Any CPU
		Debug|x64 = Debug|x64
		Debug|x86 = Debug|x86
		Release|Any CPU = Release|Any CPU
		Release|x64 = Release|x64
		Release|x86 = Release|x86
	EndGlobalSection
	GlobalSection(SolutionProperties) = preSolution
		HideSolutionNode = FALSE
	EndGlobalSection
	GlobalSection(ProjectConfigurationPlatforms) = postSolution
		{163D94B8-426D-4D21-B948-0532F2B95F8B}.Debug|Any CPU.ActiveCfg = Debug|Any CPU
		{163D94B8-426D-4D21-B948-0532F2B95F8B}.Debug|Any CPU.Build.0 = Debug|Any CPU
		{163D94B8-426D-4D21-B948-0532F2B95F8B}.Debug|x64.ActiveCfg = Debug|Any CPU
		{163D94B8-426D-4D21-B948-0532F2B95F8B}.Debug|x64.Build.0 = Debug|Any CPU
		{163D94B8-426D-4D21-B948-0532F2B95F8B}.Debug|x86.ActiveCfg = Debug|Any CPU
		{163D94B8-426D-4D21-B948-0532F2B95F8B}.Debug|x86.Build.0 = Debug|Any CPU
		{163D94B8-426D-4D21-B948-0532F2B95F8B}.Release|Any CPU.ActiveCfg = Release|Any CPU
		{163D94B8-426D-4D21-B948-0532F2B95F8B}.Release|Any CPU.Build.0 = Release|Any CPU
		{163D94B8-426D-4D21-B948-0532F2B95F8B}.Release|x64.ActiveCfg = Release|Any CPU
		{163D94B8-426D-4D21-B948-0532F2B95F8B}.Release|x64.Build.0 = Release|Any CPU
		{163D94B8-426D-4D21-B948-0532F2B95F8B}.Release|x86.ActiveCfg = Release|Any CPU
		{163D94B8-426D-4D21-B948-0532F2B95F8B}.Release|x86.Build.0 = Release|Any CPU
		{F42A38F7-E204-443D-811E-DDB2A7A4B9A5}.Debug|Any CPU.ActiveCfg = Debug|Any CPU
		{F42A38F7-E204-443D-811E-DDB2A7A4B9A5}.Debug|Any CPU.Build.0 = Debug|Any CPU
		{F42A38F7-E204-443D-811E-DDB2A7A4B9A5}.Debug|x64.ActiveCfg = Debug|Any CPU
		{F42A38F7-E204-443D-811E-DDB2A7A4B9A5}.Debug|x64.Build.0 = Debug|Any CPU
		{F42A38F7-E204-443D-811E-DDB2A7A4B9A5}.Debug|x86.ActiveCfg = Debug|Any CPU
		{F42A38F7-E204-443D-811E-DDB2A7A4B9A5}.Debug|x86.Build.0 = Debug|Any CPU
		{F42A38F7-E204-443D-811E-DDB2A7A4B9A5}.Release|Any CPU.ActiveCfg = Release|Any CPU
		{F42A38F7-E204-443D-811E-DDB2A7A4B9A5}.Release|Any CPU.Build.0 = Release|Any CPU
		{F42A38F7-E204-443D-811E-DDB2A7A4B9A5}.Release|x64.ActiveCfg = Release|Any CPU
		{F42A38F7-E204-443D-811E-DDB2A7A4B9A5}.Release|x64.Build.0 = Release|Any CPU
		{F42A38F7-E204-443D-811E-DDB2A7A4B9A5}.Release|x86.ActiveCfg = Release|Any CPU
		{F42A38F7-E204-443D-811E-DDB2A7A4B9A5}.Release|x86.Build.0 = Release|Any CPU
		{ED5C5405-4B46-47EA-BB80-9D669150D293}.Debug|Any CPU.ActiveCfg = Debug|Any CPU
		{ED5C5405-4B46-47EA-BB80-9D669150D293}.Debug|Any CPU.Build.0 = Debug|Any CPU
		{ED5C5405-4B46-47EA-BB80-9D669150D293}.Debug|x64.ActiveCfg = Debug|Any CPU
		{ED5C5405-4B46-47EA-BB80-9D669150D293}.Debug|x64.Build.0 = Debug|Any CPU
		{ED5C5405-4B46-47EA-BB80-9D669150D293}.Debug|x86.ActiveCfg = Debug|Any CPU
		{ED5C5405-4B46-47EA-BB80-9D669150D293}.Debug|x86.Build.0 = Debug|Any CPU
		{ED5C5405-4B46-47EA-BB80-9D669150D293}.Release|Any CPU.ActiveCfg = Release|Any CPU
		{ED5C5405-4B46-47EA-BB80-9D669150D293}.Release|Any CPU.Build.0 = Release|Any CPU
		{ED5C5405-4B46-47EA-BB80-9D669150D293}.Release|x64.ActiveCfg = Release|Any CPU
		{ED5C5405-4B46-47EA-BB80-9D669150D293}.Release|x64.Build.0 = Release|Any CPU
		{ED5C5405-4B46-47EA-BB80-9D669150D293}.Release|x86.ActiveCfg = Release|Any CPU
		{ED5C5405-4B46-47EA-BB80-9D669150D293}.Release|x86.Build.0 = Release|Any CPU
		{C45045FC-1FD4-4A4E-B361-05C087C2D5F2}.Debug|Any CPU.ActiveCfg = Debug|Any CPU
		{C45045FC-1FD4-4A4E-B361-05C087C2D5F2}.Debug|Any CPU.Build.0 = Debug|Any CPU
		{C45045FC-1FD4-4A4E-B361-05C087C2D5F2}.Debug|x64.ActiveCfg = Debug|Any CPU
		{C45045FC-1FD4-4A4E-B361-05C087C2D5F2}.Debug|x64.Build.0 = Debug|Any CPU
		{C45045FC-1FD4-4A4E-B361-05C087C2D5F2}.Debug|x86.ActiveCfg = Debug|Any CPU
		{C45045FC-1FD4-4A4E-B361-05C087C2D5F2}.Debug|x86.Build.0 = Debug|Any CPU
		{C45045FC-1FD4-4A4E-B361-05C087C2D5F2}.Release|Any CPU.ActiveCfg = Release|Any CPU
		{C45045FC-1FD4-4A4E-B361-05C087C2D5F2}.Release|Any CPU.Build.0 = Release|Any CPU
		{C45045FC-1FD4-4A4E-B361-05C087C2D5F2}.Release|x64.ActiveCfg = Release|Any CPU
		{C45045FC-1FD4-4A4E-B361-05C087C2D5F2}.Release|x64.Build.0 = Release|Any CPU
		{C45045FC-1FD4-4A4E-B361-05C087C2D5F2}.Release|x86.ActiveCfg = Release|Any CPU
		{C45045FC-1FD4-4A4E-B361-05C087C2D5F2}.Release|x86.Build.0 = Release|Any CPU
	EndGlobalSection
EndGlobal
